# SCRIPTED — do not hand-edit. Regenerate: python3 tools/catalog_build.py
# Spine numbers come straight from CLASS_TABLES; names cross-checked vs classes.md.
catalog_version: 1
ruleset: DC20 0.10.5
class: Warlock
generated_by: tools/catalog_build.py
source: CLASS_TABLES (build_engine.py) + rules/classes.md l.3145-3465 + rules/tables.md l.172-186
spine:
  1:
    hp: 8
    mp: 6
    spells: 4
    features:
    - Class Features
  2:
    hp: 1
    features:
    - Class Feature
    - Talent
    - Path
  3:
    hp: 2
    attribute_points: 1
    skill_points: 1
    trade_points: 1
    mp: 3
    spells: 1
    features:
    - Subclass
  4:
    hp: 1
    features:
    - Talent
    - 2 Ancestry Points
    - Path
  5:
    hp: 2
    attribute_points: 1
    skill_points: 2
    trade_points: 1
    mp: 3
    spells: 1
    features:
    - Class Feature
  6:
    hp: 1
    skill_points: 1
    features:
    - Talent
    - Path
  7:
    hp: 2
    mp: 3
    spells: 1
    features:
    - Subclass Expert
  8:
    hp: 1
    attribute_points: 1
    skill_points: 1
    trade_points: 1
    features:
    - Talent
    - 2 Ancestry Points
    - Path
  9:
    hp: 2
    mp: 3
    spells: 1
    features:
    - Class Capstone
  10:
    hp: 1
    attribute_points: 1
    skill_points: 2
    trade_points: 1
    mp: 3
    spells: 1
    features:
    - Subclass Capstone
pact_boons_pick_l1: 1
pact_boons:
- name: Pact Weapon
  grants:
    maneuvers: 2
  note: 2 Attack Maneuvers; Weapon Training; Spell Focus property
- name: Pact Armor
  grants:
    maneuvers: 2
  note: 2 Defensive Maneuvers; Armor Training; +1 AD & MDR while worn (contextual, not a grant)
- name: Pact Spell
  note: an existing known Spell becomes the Pact Spell (no resource delta)
- name: Pact Familiar
  note: summons a familiar (no resource delta)
subclasses:
- Eldritch
- Fey
- Paragon
subclass_grants:
  Eldritch:
    grants:
      spells: 1
    spell_access:
      tag: Psychic
    languages:
    - name: Deep Speech
      fluency: Fluent
spellcasting:
  model: schools
  schools_chosen: 3
paths:
- Martial
- Spellcaster
